// !$*UTF8*$!
{
	archiveVersion = 1;
	classes = {
	};
	objectVersion = 46;
	objects = {

/* Begin PBXBuildFile section */
		D453DBDC1D8363120096E044 /* AppDelegate.swift in Sources */ = {isa = PBXBuildFile; fileRef = D453DBDB1D8363120096E044 /* AppDelegate.swift */; };
		D453DBDE1D8363120096E044 /* ViewController.swift in Sources */ = {isa = PBXBuildFile; fileRef = D453DBDD1D8363120096E044 /* ViewController.swift */; };
		D453DBE11D8363120096E044 /* Main.storyboard in Resources */ = {isa = PBXBuildFile; fileRef = D453DBDF1D8363120096E044 /* Main.storyboard */; };
		D453DBE31D8363120096E044 /* Assets.xcassets in Resources */ = {isa = PBXBuildFile; fileRef = D453DBE21D8363120096E044 /* Assets.xcassets */; };
		D453DBE61D8363120096E044 /* LaunchScreen.storyboard in Resources */ = {isa = PBXBuildFile; fileRef = D453DBE41D8363120096E044 /* LaunchScreen.storyboard */; };
		D453DBF11D8363120096E044 /* TipCalculator_CodePathTests.swift in Sources */ = {isa = PBXBuildFile; fileRef = D453DBF01D8363120096E044 /* TipCalculator_CodePathTests.swift */; };
		D453DBFC1D8363120096E044 /* TipCalculator_CodePathUITests.swift in Sources */ = {isa = PBXBuildFile; fileRef = D453DBFB1D8363120096E044 /* TipCalculator_CodePathUITests.swift */; };
/* End PBXBuildFile section */

/* Begin PBXContainerItemProxy section */
		D453DBED1D8363120096E044 /* PBXContainerItemProxy */ = {
			isa = PBXContainerItemProxy;
			containerPortal = D453DBD01D8363120096E044 /* Project object */;
			proxyType = 1;
			remoteGlobalIDString = D453DBD71D8363120096E044;
			remoteInfo = TipCalculator_CodePath;
		};
		D453DBF81D8363120096E044 /* PBXContainerItemProxy */ = {
			isa = PBXContainerItemProxy;
			containerPortal = D453DBD01D8363120096E044 /* Project object */;
			proxyType = 1;
			remoteGlobalIDString = D453DBD71D8363120096E044;
			remoteInfo = TipCalculator_CodePath;
		};
/* End PBXContainerItemProxy section */

/* Begin PBXFileReference section */
		D453DBD81D8363120096E044 /* TipCalculator_CodePath.app */ = {isa = PBXFileReference; explicitFileType = wrapper.application; includeInIndex = 0; path = TipCalculator_CodePath.app; sourceTree = BUILT_PRODUCTS_DIR; };
		D453DBDB1D8363120096E044 /* AppDelegate.swift */ = {isa = PBXFileReference; lastKnownFileType = sourcecode.swift; path = AppDelegate.swift; sourceTree = "<group>"; };
		D453DBDD1D8363120096E044 /* ViewController.swift */ = {isa = PBXFileReference; lastKnownFileType = sourcecode.swift; path = ViewController.swift; sourceTree = "<group>"; };
		D453DBE01D8363120096E044 /* Base */ = {isa = PBXFileReference; lastKnownFileType = file.storyboard; name = Base; path = Base.lproj/Main.storyboard; sourceTree = "<group>"; };
		D453DBE21D8363120096E044 /* Assets.xcassets */ = {isa = PBXFileReference; lastKnownFileType = folder.assetcatalog; path = Assets.xcassets; sourceTree = "<group>"; };
		D453DBE51D8363120096E044 /* Base */ = {isa = PBXFileReference; lastKnownFileType = file.storyboard; name = Base; path = Base.lproj/LaunchScreen.storyboard; sourceTree = "<group>"; };
		D453DBE71D8363120096E044 /* Info.plist */ = {isa = PBXFileReference; lastKnownFileType = text.plist.xml; path = Info.plist; sourceTree = "<group>"; };
		D453DBEC1D8363120096E044 /* TipCalculator_CodePathTests.xctest */ = {isa = PBXFileReference; explicitFileType = wrapper.cfbundle; includeInIndex = 0; path = TipCalculator_CodePathTests.xctest; sourceTree = BUILT_PRODUCTS_DIR; };
		D453DBF01D8363120096E044 /* TipCalculator_CodePathTests.swift */ = {isa = PBXFileReference; lastKnownFileType = sourcecode.swift; path = TipCalculator_CodePathTests.swift; sourceTree = "<group>"; };
		D453DBF21D8363120096E044 /* Info.plist */ = {isa = PBXFileReference; lastKnownFileType = text.plist.xml; path = Info.plist; sourceTree = "<group>"; };
		D453DBF71D8363120096E044 /* TipCalculator_CodePathUITests.xctest */ = {isa = PBXFileReference; explicitFileType = wrapper.cfbundle; includeInIndex = 0; path = TipCalculator_CodePathUITests.xctest; sourceTree = BUILT_PRODUCTS_DIR; };
		D453DBFB1D8363120096E044 /* TipCalculator_CodePathUITests.swift */ = {isa = PBXFileReference; lastKnownFileType = sourcecode.swift; path = TipCalculator_CodePathUITests.swift; sourceTree = "<group>"; };
		D453DBFD1D8363120096E044 /* Info.plist */ = {isa = PBXFileReference; lastKnownFileType = text.plist.xml; path = Info.plist; sourceTree = "<group>"; };
/* End PBXFileReference section */

/* Begin PBXFrameworksBuildPhase section */
		D453DBD51D8363120096E044 /* Frameworks */ = {
			isa = PBXFrameworksBuildPhase;
			buildActionMask = 2147483647;
			files = (
			);
			runOnlyForDeploymentPostprocessing = 0;
		};
		D453DBE91D8363120096E044 /* Frameworks */ = {
			isa = PBXFrameworksBuildPhase;
			buildActionMask = 2147483647;
			files = (
			);
			runOnlyForDeploymentPostprocessing = 0;
		};
		D453DBF41D8363120096E044 /* Frameworks */ = {
			isa = PBXFrameworksBuildPhase;
			buildActionMask = 2147483647;
			files = (
			);
			runOnlyForDeploymentPostprocessing = 0;
		};
/* End PBXFrameworksBuildPhase section */

/* Begin PBXGroup section */
		D453DBCF1D8363120096E044 = {
			isa = PBXGroup;
			children = (
				D453DBDA1D8363120096E044 /* TipCalculator_CodePath */,
				D453DBEF1D8363120096E044 /* TipCalculator_CodePathTests */,
				D453DBFA1D8363120096E044 /* TipCalculator_CodePathUITests */,
				D453DBD91D8363120096E044 /* Products */,
			);
			sourceTree = "<group>";
		};
		D453DBD91D8363120096E044 /* Products */ = {
			isa = PBXGroup;
			children = (
				D453DBD81D8363120096E044 /* TipCalculator_CodePath.app */,
				D453DBEC1D8363120096E044 /* TipCalculator_CodePathTests.xctest */,
				D453DBF71D8363120096E044 /* TipCalculator_CodePathUITests.xctest */,
			);
			name = Products;
			sourceTree = "<group>";
		};
		D453DBDA1D8363120096E044 /* TipCalculator_CodePath */ = {
			isa = PBXGroup;
			children = (
				D453DBDB1D8363120096E044 /* AppDelegate.swift */,
				D453DBDD1D8363120096E044 /* ViewController.swift */,
				D453DBDF1D8363120096E044 /* Main.storyboard */,
				D453DBE21D8363120096E044 /* Assets.xcassets */,
				D453DBE41D8363120096E044 /* LaunchScreen.storyboard */,
				D453DBE71D8363120096E044 /* Info.plist */,
			);
			path = TipCalculator_CodePath;
			sourceTree = "<group>";
		};
		D453DBEF1D8363120096E044 /* TipCalculator_CodePathTests */ = {
			isa = PBXGroup;
			children = (
				D453DBF01D8363120096E044 /* TipCalculator_CodePathTests.swift */,
				D453DBF21D8363120096E044 /* Info.plist */,
			);
			path = TipCalculator_CodePathTests;
			sourceTree = "<group>";
		};
		D453DBFA1D8363120096E044 /* TipCalculator_CodePathUITests */ = {
			isa = PBXGroup;
			children = (
				D453DBFB1D8363120096E044 /* TipCalculator_CodePathUITests.swift */,
				D453DBFD1D8363120096E044 /* Info.plist */,
			);
			path = TipCalculator_CodePathUITests;
			sourceTree = "<group>";
		};
/* End PBXGroup section */

/* Begin PBXNativeTarget section */
		D453DBD71D8363120096E044 /* TipCalculator_CodePath */ = {
			isa = PBXNativeTarget;
			buildConfigurationList = D453DC001D8363120096E044 /* Build configuration list for PBXNativeTarget "TipCalculator_CodePath" */;
			buildPhases = (
				D453DBD41D8363120096E044 /* Sources */,
				D453DBD51D8363120096E044 /* Frameworks */,
				D453DBD61D8363120096E044 /* Resources */,
			);
			buildRules = (
			);
			dependencies = (
			);
			name = TipCalculator_CodePath;
			productName = TipCalculator_CodePath;
			productReference = D453DBD81D8363120096E044 /* TipCalculator_CodePath.app */;
			productType = "com.apple.product-type.application";
		};
		D453DBEB1D8363120096E044 /* TipCalculator_CodePathTests */ = {
			isa = PBXNativeTarget;
			buildConfigurationList = D453DC031D8363120096E044 /* Build configuration list for PBXNativeTarget "TipCalculator_CodePathTests" */;
			buildPhases = (
				D453DBE81D8363120096E044 /* Sources */,
				D453DBE91D8363120096E044 /* Frameworks */,
				D453DBEA1D8363120096E044 /* Resources */,
			);
			buildRules = (
			);
			dependencies = (
				D453DBEE1D8363120096E044 /* PBXTargetDependency */,
			);
			name = TipCalculator_CodePathTests;
			productName = TipCalculator_CodePathTests;
			productReference = D453DBEC1D8363120096E044 /* TipCalculator_CodePathTests.xctest */;
			productType = "com.apple.product-type.bundle.unit-test";
		};
		D453DBF61D8363120096E044 /* TipCalculator_CodePathUITests */ = {
			isa = PBXNativeTarget;
			buildConfigurationList = D453DC061D8363120096E044 /* Build configuration list for PBXNativeTarget "TipCalculator_CodePathUITests" */;
			buildPhases = (
				D453DBF31D8363120096E044 /* Sources */,
				D453DBF41D8363120096E044 /* Frameworks */,
				D453DBF51D8363120096E044 /* Resources */,
			);
			buildRules = (
			);
			dependencies = (
				D453DBF91D8363120096E044 /* PBXTargetDependency */,
			);
			name = TipCalculator_CodePathUITests;
			productName = TipCalculator_CodePathUITests;
			productReference = D453DBF71D8363120096E044 /* TipCalculator_CodePathUITests.xctest */;
			productType = "com.apple.product-type.bundle.ui-testing";
		};
/* End PBXNativeTarget section */

/* Begin PBXProject section */
		D453DBD01D8363120096E044 /* Project object */ = {
			isa = PBXProject;
			attributes = {
				LastSwiftUpdateCheck = 0730;
				LastUpgradeCheck = 0730;
				ORGANIZATIONNAME = "Narasimhan, Sindhuja";
				TargetAttributes = {
					D453DBD71D8363120096E044 = {
						CreatedOnToolsVersion = 7.3.1;
					};
					D453DBEB1D8363120096E044 = {
						CreatedOnToolsVersion = 7.3.1;
						TestTargetID = D453DBD71D8363120096E044;
					};
					D453DBF61D8363120096E044 = {
						CreatedOnToolsVersion = 7.3.1;
						TestTargetID = D453DBD71D8363120096E044;
					};
				};
			};
			buildConfigurationList = D453DBD31D8363120096E044 /* Build configuration list for PBXProject "TipCalculator_CodePath" */;
			compatibilityVersion = "Xcode 3.2";
			developmentRegion = English;
			hasScannedForEncodings = 0;
			knownRegions = (
				en,
				Base,
			);
			mainGroup = D453DBCF1D8363120096E044;
			productRefGroup = D453DBD91D8363120096E044 /* Products */;
			projectDirPath = "";
			projectRoot = "";
			targets = (
				D453DBD71D8363120096E044 /* TipCalculator_CodePath */,
				D453DBEB1D8363120096E044 /* TipCalculator_CodePathTests */,
				D453DBF61D8363120096E044 /* TipCalculator_CodePathUITests */,
			);
		};
/* End PBXProject section */

/* Begin PBXResourcesBuildPhase section */
		D453DBD61D8363120096E044 /* Resources */ = {
			isa = PBXResourcesBuildPhase;
			buildActionMask = 2147483647;
			files = (
				D453DBE61D8363120096E044 /* LaunchScreen.storyboard in Resources */,
				D453DBE31D8363120096E044 /* Assets.xcassets in Resources */,
				D453DBE11D8363120096E044 /* Main.storyboard in Resources */,
			);
			runOnlyForDeploymentPostprocessing = 0;
		};
		D453DBEA1D8363120096E044 /* Resources */ = {
			isa = PBXResourcesBuildPhase;
			buildActionMask = 2147483647;
			files = (
			);
			runOnlyForDeploymentPostprocessing = 0;
		};
		D453DBF51D8363120096E044 /* Resources */ = {
			isa = PBXResourcesBuildPhase;
			buildActionMask = 2147483647;
			files = (
			);
			runOnlyForDeploymentPostprocessing = 0;
		};
/* End PBXResourcesBuildPhase section */

/* Begin PBXSourcesBuildPhase section */
		D453DBD41D8363120096E044 /* Sources */ = {
			isa = PBXSourcesBuildPhase;
			buildActionMask = 2147483647;
			files = (
				D453DBDE1D8363120096E044 /* ViewController.swift in Sources */,
				D453DBDC1D8363120096E044 /* AppDelegate.swift in Sources */,
			);
			runOnlyForDeploymentPostprocessing = 0;
		};
		D453DBE81D8363120096E044 /* Sources */ = {
			isa = PBXSourcesBuildPhase;
			buildActionMask = 2147483647;
			files = (
				D453DBF11D8363120096E044 /* TipCalculator_CodePathTests.swift in Sources */,
			);
			runOnlyForDeploymentPostprocessing = 0;
		};
		D453DBF31D8363120096E044 /* Sources */ = {
			isa = PBXSourcesBuildPhase;
			buildActionMask = 2147483647;
			files = (
				D453DBFC1D8363120096E044 /* TipCalculator_CodePathUITests.swift in Sources */,
			);
			runOnlyForDeploymentPostprocessing = 0;
		};
/* End PBXSourcesBuildPhase section */

/* Begin PBXTargetDependency section */
		D453DBEE1D8363120096E044 /* PBXTargetDependency */ = {
			isa = PBXTargetDependency;
			target = D453DBD71D8363120096E044 /* TipCalculator_CodePath */;
			targetProxy = D453DBED1D8363120096E044 /* PBXContainerItemProxy */;
		};
		D453DBF91D8363120096E044 /* PBXTargetDependency */ = {
			isa = PBXTargetDependency;
			target = D453DBD71D8363120096E044 /* TipCalculator_CodePath */;
			targetProxy = D453DBF81D8363120096E044 /* PBXContainerItemProxy */;
		};
/* End PBXTargetDependency section */

/* Begin PBXVariantGroup section */
		D453DBDF1D8363120096E044 /* Main.storyboard */ = {
			isa = PBXVariantGroup;
			children = (
				D453DBE01D8363120096E044 /* Base */,
			);
			name = Main.storyboard;
			sourceTree = "<group>";
		};
		D453DBE41D8363120096E044 /* LaunchScreen.storyboard */ = {
			isa = PBXVariantGroup;
			children = (
				D453DBE51D8363120096E044 /* Base */,
			);
			name = LaunchScreen.storyboard;
			sourceTree = "<group>";
		};
/* End PBXVariantGroup section */

/* Begin XCBuildConfiguration section */
		D453DBFE1D8363120096E044 /* Debug */ = {
			isa = XCBuildConfiguration;
			buildSettings = {
				ALWAYS_SEARCH_USER_PATHS = NO;
				CLANG_ANALYZER_NONNULL = YES;
				CLANG_CXX_LANGUAGE_STANDARD = "gnu++0x";
				CLANG_CXX_LIBRARY = "libc++";
				CLANG_ENABLE_MODULES = YES;
				CLANG_ENABLE_OBJC_ARC = YES;
				CLANG_WARN_BOOL_CONVERSION = YES;
				CLANG_WARN_CONSTANT_CONVERSION = YES;
				CLANG_WARN_DIRECT_OBJC_ISA_USAGE = YES_ERROR;
				CLANG_WARN_EMPTY_BODY = YES;
				CLANG_WARN_ENUM_CONVERSION = YES;
				CLANG_WARN_INT_CONVERSION = YES;
				CLANG_WARN_OBJC_ROOT_CLASS = YES_ERROR;
				CLANG_WARN_UNREACHABLE_CODE = YES;
				CLANG_WARN__DUPLICATE_METHOD_MATCH = YES;
				"CODE_SIGN_IDENTITY[sdk=iphoneos*]" = "iPhone Developer";
				COPY_PHASE_STRIP = NO;
				DEBUG_INFORMATION_FORMAT = dwarf;
				ENABLE_STRICT_OBJC_MSGSEND = YES;
				ENABLE_TESTABILITY = YES;
				GCC_C_LANGUAGE_STANDARD = gnu99;
				GCC_DYNAMIC_NO_PIC = NO;
				GCC_NO_COMMON_BLOCKS = YES;
				GCC_OPTIMIZATION_LEVEL = 0;
				GCC_PREPROCESSOR_DEFINITIONS = (
					"DEBUG=1",
					"$(inherited)",
				);
				GCC_WARN_64_TO_32_BIT_CONVERSION = YES;
				GCC_WARN_ABOUT_RETURN_TYPE = YES_ERROR;
				GCC_WARN_UNDECLARED_SELECTOR = YES;
				GCC_WARN_UNINITIALIZED_AUTOS = YES_AGGRESSIVE;
				GCC_WARN_UNUSED_FUNCTION = YES;
				GCC_WARN_UNUSED_VARIABLE = YES;
				IPHONEOS_DEPLOYMENT_TARGET = 9.3;
				MTL_ENABLE_DEBUG_INFO = YES;
				ONLY_ACTIVE_ARCH = YES;
				SDKROOT = iphoneos;
				SWIFT_OPTIMIZATION_LEVEL = "-Onone";
			};
			name = Debug;
		};
		D453DBFF1D8363120096E044 /* Release */ = {
			isa = XCBuildConfiguration;
			buildSettings = {
				ALWAYS_SEARCH_USER_PATHS = NO;
				CLANG_ANALYZER_NONNULL = YES;
				CLANG_CXX_LANGUAGE_STANDARD = "gnu++0x";
				CLANG_CXX_LIBRARY = "libc++";
				CLANG_ENABLE_MODULES = YES;
				CLANG_ENABLE_OBJC_ARC = YES;
				CLANG_WARN_BOOL_CONVERSION = YES;
				CLANG_WARN_CONSTANT_CONVERSION = YES;
				CLANG_WARN_DIRECT_OBJC_ISA_USAGE = YES_ERROR;
				CLANG_WARN_EMPTY_BODY = YES;
				CLANG_WARN_ENUM_CONVERSION = YES;
				CLANG_WARN_INT_CONVERSION = YES;
				CLANG_WARN_OBJC_ROOT_CLASS = YES_ERROR;
				CLANG_WARN_UNREACHABLE_CODE = YES;
				CLANG_WARN__DUPLICATE_METHOD_MATCH = YES;
				"CODE_SIGN_IDENTITY[sdk=iphoneos*]" = "iPhone Developer";
				COPY_PHASE_STRIP = NO;
				DEBUG_INFORMATION_FORMAT = "dwarf-with-dsym";
				ENABLE_NS_ASSERTIONS = NO;
				ENABLE_STRICT_OBJC_MSGSEND = YES;
				GCC_C_LANGUAGE_STANDARD = gnu99;
				GCC_NO_COMMON_BLOCKS = YES;
				GCC_WARN_64_TO_32_BIT_CONVERSION = YES;
				GCC_WARN_ABOUT_RETURN_TYPE = YES_ERROR;
				GCC_WARN_UNDECLARED_SELECTOR = YES;
				GCC_WARN_UNINITIALIZED_AUTOS = YES_AGGRESSIVE;
				GCC_WARN_UNUSED_FUNCTION = YES;
				GCC_WARN_UNUSED_VARIABLE = YES;
				IPHONEOS_DEPLOYMENT_TARGET = 9.3;
				MTL_ENABLE_DEBUG_INFO = NO;
				SDKROOT = iphoneos;
				VALIDATE_PRODUCT = YES;
			};
			name = Release;
		};
		D453DC011D8363120096E044 /* Debug */ = {
			isa = XCBuildConfiguration;
			buildSettings = {
				ASSETCATALOG_COMPILER_APPICON_NAME = AppIcon;
				INFOPLIST_FILE = TipCalculator_CodePath/Info.plist;
				LD_RUNPATH_SEARCH_PATHS = "$(inherited) @executable_path/Frameworks";
				PRODUCT_BUNDLE_IDENTIFIER = "TipCalculator.TipCalculator-CodePath";
				PRODUCT_NAME = "$(TARGET_NAME)";
			};
			name = Debug;
		};
		D453DC021D8363120096E044 /* Release */ = {
			isa = XCBuildConfiguration;
			buildSettings = {
				ASSETCATALOG_COMPILER_APPICON_NAME = AppIcon;
				INFOPLIST_FILE = TipCalculator_CodePath/Info.plist;
				LD_RUNPATH_SEARCH_PATHS = "$(inherited) @executable_path/Frameworks";
				PRODUCT_BUNDLE_IDENTIFIER = "TipCalculator.TipCalculator-CodePath";
				PRODUCT_NAME = "$(TARGET_NAME)";
			};
			name = Release;
		};
		D453DC041D8363120096E044 /* Debug */ = {
			isa = XCBuildConfiguration;
			buildSettings = {
				BUNDLE_LOADER = "$(TEST_HOST)";
				INFOPLIST_FILE = TipCalculator_CodePathTests/Info.plist;
				LD_RUNPATH_SEARCH_PATHS = "$(inherited) @executable_path/Frameworks @loader_path/Frameworks";
				PRODUCT_BUNDLE_IDENTIFIER = "TipCalculator.TipCalculator-CodePathTests";
				PRODUCT_NAME = "$(TARGET_NAME)";
				TEST_HOST = "$(BUILT_PRODUCTS_DIR)/TipCalculator_CodePath.app/TipCalculator_CodePath";
			};
			name = Debug;
		};
		D453DC051D8363120096E044 /* Release */ = {
			isa = XCBuildConfiguration;
			buildSettings = {
				BUNDLE_LOADER = "$(TEST_HOST)";
				INFOPLIST_FILE = TipCalculator_CodePathTests/Info.plist;
				LD_RUNPATH_SEARCH_PATHS = "$(inherited) @executable_path/Frameworks @loader_path/Frameworks";
				PRODUCT_BUNDLE_IDENTIFIER = "TipCalculator.TipCalculator-CodePathTests";
				PRODUCT_NAME = "$(TARGET_NAME)";
				TEST_HOST = "$(BUILT_PRODUCTS_DIR)/TipCalculator_CodePath.app/TipCalculator_CodePath";
			};
			name = Release;
		};
		D453DC071D8363120096E044 /* Debug */ = {
			isa = XCBuildConfiguration;
			buildSettings = {
				INFOPLIST_FILE = TipCalculator_CodePathUITests/Info.plist;
				LD_RUNPATH_SEARCH_PATHS = "$(inherited) @executable_path/Frameworks @loader_path/Frameworks";
				PRODUCT_BUNDLE_IDENTIFIER = "TipCalculator.TipCalculator-CodePathUITests";
				PRODUCT_NAME = "$(TARGET_NAME)";
				TEST_TARGET_NAME = TipCalculator_CodePath;
			};
			name = Debug;
		};
		D453DC081D8363120096E044 /* Release */ = {
			isa = XCBuildConfiguration;
			buildSettings = {
				INFOPLIST_FILE = TipCalculator_CodePathUITests/Info.plist;
				LD_RUNPATH_SEARCH_PATHS = "$(inherited) @executable_path/Frameworks @loader_path/Frameworks";
				PRODUCT_BUNDLE_IDENTIFIER = "TipCalculator.TipCalculator-CodePathUITests";
				PRODUCT_NAME = "$(TARGET_NAME)";
				TEST_TARGET_NAME = TipCalculator_CodePath;
			};
			name = Release;
		};
/* End XCBuildConfiguration section */

/* Begin XCConfigurationList section */
		D453DBD31D8363120096E044 /* Build configuration list for PBXProject "TipCalculator_CodePath" */ = {
			isa = XCConfigurationList;
			buildConfigurations = (
				D453DBFE1D8363120096E044 /* Debug */,
				D453DBFF1D8363120096E044 /* Release */,
			);
			defaultConfigurationIsVisible = 0;
			defaultConfigurationName = Release;
		};
		D453DC001D8363120096E044 /* Build configuration list for PBXNativeTarget "TipCalculator_CodePath" */ = {
			isa = XCConfigurationList;
			buildConfigurations = (
				D453DC011D8363120096E044 /* Debug */,
				D453DC021D8363120096E044 /* Release */,
			);
			defaultConfigurationIsVisible = 0;
		};
		D453DC031D8363120096E044 /* Build configuration list for PBXNativeTarget "TipCalculator_CodePathTests" */ = {
			isa = XCConfigurationList;
			buildConfigurations = (
				D453DC041D8363120096E044 /* Debug */,
				D453DC051D8363120096E044 /* Release */,
			);
			defaultConfigurationIsVisible = 0;
		};
		D453DC061D8363120096E044 /* Build configuration list for PBXNativeTarget "TipCalculator_CodePathUITests" */ = {
			isa = XCConfigurationList;
			buildConfigurations = (
				D453DC071D8363120096E044 /* Debug */,
				D453DC081D8363120096E044 /* Release */,
			);
			defaultConfigurationIsVisible = 0;
		};
/* End XCConfigurationList section */
	};
	rootObject = D453DBD01D8363120096E044 /* Project object */;
}
